
Microsoft Visual Studio Solution File, Format Version 11.00
# Visual Studio 2010
Project("{FAE04EC0-301F-11D3-BF4B-00C04F79EFBC}") = "ImageShrinker2", "ImageShrinker2\ImageShrinker2.csproj", "{0000E744-8E4F-4F78-8A46-3A918A3AA47E}"
EndProject
Global
	GlobalSection(SolutionConfigurationPlatforms) = preSolution
		Debug|x86 = Debug|x86
		Release|x86 = Release|x86
	EndGlobalSection
	GlobalSection(ProjectConfigurationPlatforms) = postSolution
		{0000E744-8E4F-4F78-8A46-3A918A3AA47E}.Debug|x86.ActiveCfg = Debug|x86
		{0000E744-8E4F-4F78-8A46-3A918A3AA47E}.Debug|x86.Build.0 = Debug|x86
		{0000E744-8E4F-4F78-8A46-3A918A3AA47E}.Release|x86.ActiveCfg = Release|x86
		{0000E744-8E4F-4F78-8A46-3A918A3AA47E}.Release|x86.Build.0 = Release|x86
	EndGlobalSection
	GlobalSection(SolutionProperties) = preSolution
		HideSolutionNode = FALSE
	EndGlobalSection
EndGlobal
